# This file is autogenerated, do not edit; changes may be undone by the next 'dep ensure'.


[[projects]]
  name = "github.com/PuerkitoBio/goquery"
  packages = ["."]
  revision = "e1271ee34c6a305e38566ecd27ae374944907ee9"
  version = "v1.1.0"

[[projects]]
  branch = "master"
  name = "github.com/andybalholm/cascadia"
  packages = ["."]
  revision = "349dd0209470eabd9514242c688c403c0926d266"

[[projects]]
  branch = "master"
  name = "github.com/lomik/zapwriter"
  packages = ["."]
  revision = "d4499a33b5929c4a2e7e169165f594f35b39638c"

[[projects]]
  name = "github.com/mattn/go-sqlite3"
  packages = ["."]
  revision = "5160b48509cf5c877bc22c11c373f8c7738cdb38"
  version = "v1.3.0"

[[projects]]
  name = "github.com/mmcdole/gofeed"
  packages = [".","atom","extensions","internal/shared","rss"]
  revision = "303223474e837398b2f8a265e5572958bb5568c0"
  version = "v1.0.0-beta"

[[projects]]
  branch = "master"
  name = "github.com/mmcdole/goxpp"
  packages = ["."]
  revision = "77e4a51a73ed99ee3f33c1474dc166866304acbd"

[[projects]]
  name = "github.com/technoweenie/multipartstreamer"
  packages = ["."]
  revision = "a90a01d73ae432e2611d178c18367fbaa13e0154"
  version = "v1.0.1"

[[projects]]
  name = "go.uber.org/atomic"
  packages = ["."]
  revision = "4e336646b2ef9fc6e47be8e21594178f98e5ebcf"
  version = "v1.2.0"

[[projects]]
  name = "go.uber.org/multierr"
  packages = ["."]
  revision = "3c4937480c32f4c13a875a1829af76c98ca3d40a"
  version = "v1.1.0"

[[projects]]
  name = "go.uber.org/zap"
  packages = [".","buffer","internal/bufferpool","internal/color","internal/exit","zapcore"]
  revision = "35aad584952c3e7020db7b839f6b102de6271f89"
  version = "v1.7.1"

[[projects]]
  branch = "master"
  name = "golang.org/x/net"
  packages = ["context","html","html/atom","html/charset"]
  revision = "c73622c77280266305273cb545f54516ced95b93"

[[projects]]
  branch = "master"
  name = "golang.org/x/text"
  packages = ["encoding","encoding/charmap","encoding/htmlindex","encoding/internal","encoding/internal/identifier","encoding/japanese","encoding/korean","encoding/simplifiedchinese","encoding/traditionalchinese","encoding/unicode","internal/gen","internal/tag","internal/utf8internal","language","runes","transform","unicode/cldr"]
  revision = "6eab0e8f74e86c598ec3b6fad4888e0c11482d48"

[[projects]]
  name = "gopkg.in/telegram-bot-api.v4"
  packages = ["."]
  revision = "0a57807db79efce7f6719fbb2c0e0f83fda79aec"
  version = "v4.6"

[[projects]]
  branch = "v2"
  name = "gopkg.in/yaml.v2"
  packages = ["."]
  revision = "eb3733d160e74a9c7e442f435eb3bea458e1d19f"

[solve-meta]
  analyzer-name = "dep"
  analyzer-version = 1
  inputs-digest = "cfa48b3fe95c46379e0e51c9a3d8309c9c2657f0045f2399f99d3bf03b3b4437"
  solver-name = "gps-cdcl"
  solver-version = 1
