# This file is autogenerated, do not edit; changes may be undone by the next 'dep ensure'.


[[projects]]
  name = "github.com/PuerkitoBio/goquery"
  packages = ["."]
  revision = "09540e565986583836b5fc792fe951ec5fd201dd"
  version = "v1.3.0"

[[projects]]
  name = "github.com/andybalholm/cascadia"
  packages = ["."]
  revision = "901648c87902174f774fac311d7f176f8647bdaa"
  version = "v1.0.0"

[[projects]]
  branch = "master"
  name = "github.com/lomik/zapwriter"
  packages = ["."]
  revision = "d4499a33b5929c4a2e7e169165f594f35b39638c"

[[projects]]
  name = "github.com/mattn/go-sqlite3"
  packages = ["."]
  revision = "6c771bb9887719704b210e87e934f08be014bdb1"
  version = "v1.6.0"

[[projects]]
  name = "github.com/mmcdole/gofeed"
  packages = [
    ".",
    "atom",
    "extensions",
    "internal/shared",
    "rss"
  ]
  revision = "42010a154d249f5f753dfe03a6390b59671e403e"
  version = "v1.0.0-beta2"

[[projects]]
  branch = "master"
  name = "github.com/mmcdole/goxpp"
  packages = ["."]
  revision = "77e4a51a73ed99ee3f33c1474dc166866304acbd"

[[projects]]
  name = "github.com/pkg/errors"
  packages = ["."]
  revision = "645ef00459ed84a119197bfb8d8205042c6df63d"
  version = "v0.8.0"

[[projects]]
  name = "github.com/technoweenie/multipartstreamer"
  packages = ["."]
  revision = "a90a01d73ae432e2611d178c18367fbaa13e0154"
  version = "v1.0.1"

[[projects]]
  name = "go.uber.org/atomic"
  packages = ["."]
  revision = "8474b86a5a6f79c443ce4b2992817ff32cf208b8"
  version = "v1.3.1"

[[projects]]
  name = "go.uber.org/multierr"
  packages = ["."]
  revision = "3c4937480c32f4c13a875a1829af76c98ca3d40a"
  version = "v1.1.0"

[[projects]]
  name = "go.uber.org/zap"
  packages = [
    ".",
    "buffer",
    "internal/bufferpool",
    "internal/color",
    "internal/exit",
    "zapcore"
  ]
  revision = "35aad584952c3e7020db7b839f6b102de6271f89"
  version = "v1.7.1"

[[projects]]
  branch = "master"
  name = "golang.org/x/net"
  packages = [
    "html",
    "html/atom",
    "html/charset"
  ]
  revision = "cbe0f9307d0156177f9dd5dc85da1a31abc5f2fb"

[[projects]]
  name = "golang.org/x/text"
  packages = [
    "encoding",
    "encoding/charmap",
    "encoding/htmlindex",
    "encoding/internal",
    "encoding/internal/identifier",
    "encoding/japanese",
    "encoding/korean",
    "encoding/simplifiedchinese",
    "encoding/traditionalchinese",
    "encoding/unicode",
    "internal/gen",
    "internal/tag",
    "internal/utf8internal",
    "language",
    "runes",
    "transform",
    "unicode/cldr"
  ]
  revision = "f21a4dfb5e38f5895301dc265a8def02365cc3d0"
  version = "v0.3.0"

[[projects]]
  name = "gopkg.in/telegram-bot-api.v4"
  packages = ["."]
  revision = "2022d04b94f50056a09962b1ac81cdd821d20a55"
  version = "v4.6.1"

[[projects]]
  name = "gopkg.in/yaml.v2"
  packages = ["."]
  revision = "7f97868eec74b32b0982dd158a51a446d1da7eb5"
  version = "v2.1.1"

[solve-meta]
  analyzer-name = "dep"
  analyzer-version = 1
  inputs-digest = "3b0c54913a9dd10ff867e6f843dc32cff80d265284d66ac8e071ed621b67a6f2"
  solver-name = "gps-cdcl"
  solver-version = 1
